
Microsoft Visual Studio Solution File, Format Version 12.00
# Visual Studio Version 17
VisualStudioVersion = 17.2.32526.322
MinimumVisualStudioVersion = 10.0.40219.1
Project("{FAE04EC0-301F-11D3-BF4B-00C04F79EFBC}") = "ControleEmpregadosApi", "ControleEmpregadosApi.csproj", "{F55A57C1-675E-4362-AB87-6C62C681DDF4}"
EndProject
Global
	GlobalSection(SolutionConfigurationPlatforms) = preSolution
		Debug|Any CPU = Debug|Any CPU
		Release|Any CPU = Release|Any CPU
	EndGlobalSection
	GlobalSection(ProjectConfigurationPlatforms) = postSolution
		{F55A57C1-675E-4362-AB87-6C62C681DDF4}.Debug|Any CPU.ActiveCfg = Debug|Any CPU
		{F55A57C1-675E-4362-AB87-6C62C681DDF4}.Debug|Any CPU.Build.0 = Debug|Any CPU
		{F55A57C1-675E-4362-AB87-6C62C681DDF4}.Release|Any CPU.ActiveCfg = Release|Any CPU
		{F55A57C1-675E-4362-AB87-6C62C681DDF4}.Release|Any CPU.Build.0 = Release|Any CPU
	EndGlobalSection
	GlobalSection(SolutionProperties) = preSolution
		HideSolutionNode = FALSE
	EndGlobalSection
	GlobalSection(ExtensibilityGlobals) = postSolution
		SolutionGuid = {713FC58C-3BFA-4CC6-BC5D-A54497A50E8D}
	EndGlobalSection
EndGlobal
